// !$*UTF8*$!
{
	archiveVersion = 1;
	classes = {
	};
	objectVersion = 46;
	objects = {

/* Begin PBXBuildFile section */
		8B20847519591FB4005AC338 /* Foundation.framework in Frameworks */ = {isa = PBXBuildFile; fileRef = 8B20847419591FB4005AC338 /* Foundation.framework */; };
		8B20847719591FB4005AC338 /* CoreGraphics.framework in Frameworks */ = {isa = PBXBuildFile; fileRef = 8B20847619591FB4005AC338 /* CoreGraphics.framework */; };
		8B20847919591FB4005AC338 /* UIKit.framework in Frameworks */ = {isa = PBXBuildFile; fileRef = 8B20847819591FB4005AC338 /* UIKit.framework */; };
		8B20847B19591FB4005AC338 /* CoreData.framework in Frameworks */ = {isa = PBXBuildFile; fileRef = 8B20847A19591FB4005AC338 /* CoreData.framework */; };
		8B20848119591FB4005AC338 /* InfoPlist.strings in Resources */ = {isa = PBXBuildFile; fileRef = 8B20847F19591FB4005AC338 /* InfoPlist.strings */; };
		8B20848319591FB4005AC338 /* main.m in Sources */ = {isa = PBXBuildFile; fileRef = 8B20848219591FB4005AC338 /* main.m */; };
		8B20848719591FB4005AC338 /* ZXYAppDelegate.m in Sources */ = {isa = PBXBuildFile; fileRef = 8B20848619591FB4005AC338 /* ZXYAppDelegate.m */; };
		8B20848A19591FB4005AC338 /* Targeting.xcdatamodeld in Sources */ = {isa = PBXBuildFile; fileRef = 8B20848819591FB4005AC338 /* Targeting.xcdatamodeld */; };
		8B20848C19591FB4005AC338 /* Images.xcassets in Resources */ = {isa = PBXBuildFile; fileRef = 8B20848B19591FB4005AC338 /* Images.xcassets */; };
		8B20849319591FB4005AC338 /* XCTest.framework in Frameworks */ = {isa = PBXBuildFile; fileRef = 8B20849219591FB4005AC338 /* XCTest.framework */; };
		8B20849419591FB4005AC338 /* Foundation.framework in Frameworks */ = {isa = PBXBuildFile; fileRef = 8B20847419591FB4005AC338 /* Foundation.framework */; };
		8B20849519591FB4005AC338 /* UIKit.framework in Frameworks */ = {isa = PBXBuildFile; fileRef = 8B20847819591FB4005AC338 /* UIKit.framework */; };
		8B20849619591FB4005AC338 /* CoreData.framework in Frameworks */ = {isa = PBXBuildFile; fileRef = 8B20847A19591FB4005AC338 /* CoreData.framework */; };
		8B20849E19591FB4005AC338 /* InfoPlist.strings in Resources */ = {isa = PBXBuildFile; fileRef = 8B20849C19591FB4005AC338 /* InfoPlist.strings */; };
		8B2084A019591FB4005AC338 /* TargetingTests.m in Sources */ = {isa = PBXBuildFile; fileRef = 8B20849F19591FB4005AC338 /* TargetingTests.m */; };
/* End PBXBuildFile section */

/* Begin PBXContainerItemProxy section */
		8B20849719591FB4005AC338 /* PBXContainerItemProxy */ = {
			isa = PBXContainerItemProxy;
			containerPortal = 8B20846919591FB4005AC338 /* Project object */;
			proxyType = 1;
			remoteGlobalIDString = 8B20847019591FB4005AC338;
			remoteInfo = Targeting;
		};
/* End PBXContainerItemProxy section */

/* Begin PBXFileReference section */
		8B20847119591FB4005AC338 /* Targeting.app */ = {isa = PBXFileReference; explicitFileType = wrapper.application; includeInIndex = 0; path = Targeting.app; sourceTree = BUILT_PRODUCTS_DIR; };
		8B20847419591FB4005AC338 /* Foundation.framework */ = {isa = PBXFileReference; lastKnownFileType = wrapper.framework; name = Foundation.framework; path = System/Library/Frameworks/Foundation.framework; sourceTree = SDKROOT; };
		8B20847619591FB4005AC338 /* CoreGraphics.framework */ = {isa = PBXFileReference; lastKnownFileType = wrapper.framework; name = CoreGraphics.framework; path = System/Library/Frameworks/CoreGraphics.framework; sourceTree = SDKROOT; };
		8B20847819591FB4005AC338 /* UIKit.framework */ = {isa = PBXFileReference; lastKnownFileType = wrapper.framework; name = UIKit.framework; path = System/Library/Frameworks/UIKit.framework; sourceTree = SDKROOT; };
		8B20847A19591FB4005AC338 /* CoreData.framework */ = {isa = PBXFileReference; lastKnownFileType = wrapper.framework; name = CoreData.framework; path = System/Library/Frameworks/CoreData.framework; sourceTree = SDKROOT; };
		8B20847E19591FB4005AC338 /* Targeting-Info.plist */ = {isa = PBXFileReference; lastKnownFileType = text.plist.xml; path = "Targeting-Info.plist"; sourceTree = "<group>"; };
		8B20848019591FB4005AC338 /* en */ = {isa = PBXFileReference; lastKnownFileType = text.plist.strings; name = en; path = en.lproj/InfoPlist.strings; sourceTree = "<group>"; };
		8B20848219591FB4005AC338 /* main.m */ = {isa = PBXFileReference; lastKnownFileType = sourcecode.c.objc; path = main.m; sourceTree = "<group>"; };
		8B20848419591FB4005AC338 /* Targeting-Prefix.pch */ = {isa = PBXFileReference; lastKnownFileType = sourcecode.c.h; path = "Targeting-Prefix.pch"; sourceTree = "<group>"; };
		8B20848519591FB4005AC338 /* ZXYAppDelegate.h */ = {isa = PBXFileReference; lastKnownFileType = sourcecode.c.h; path = ZXYAppDelegate.h; sourceTree = "<group>"; };
		8B20848619591FB4005AC338 /* ZXYAppDelegate.m */ = {isa = PBXFileReference; lastKnownFileType = sourcecode.c.objc; path = ZXYAppDelegate.m; sourceTree = "<group>"; };
		8B20848919591FB4005AC338 /* Targeting.xcdatamodel */ = {isa = PBXFileReference; lastKnownFileType = wrapper.xcdatamodel; path = Targeting.xcdatamodel; sourceTree = "<group>"; };
		8B20848B19591FB4005AC338 /* Images.xcassets */ = {isa = PBXFileReference; lastKnownFileType = folder.assetcatalog; path = Images.xcassets; sourceTree = "<group>"; };
		8B20849119591FB4005AC338 /* TargetingTests.xctest */ = {isa = PBXFileReference; explicitFileType = wrapper.cfbundle; includeInIndex = 0; path = TargetingTests.xctest; sourceTree = BUILT_PRODUCTS_DIR; };
		8B20849219591FB4005AC338 /* XCTest.framework */ = {isa = PBXFileReference; lastKnownFileType = wrapper.framework; name = XCTest.framework; path = Library/Frameworks/XCTest.framework; sourceTree = DEVELOPER_DIR; };
		8B20849B19591FB4005AC338 /* TargetingTests-Info.plist */ = {isa = PBXFileReference; lastKnownFileType = text.plist.xml; path = "TargetingTests-Info.plist"; sourceTree = "<group>"; };
		8B20849D19591FB4005AC338 /* en */ = {isa = PBXFileReference; lastKnownFileType = text.plist.strings; name = en; path = en.lproj/InfoPlist.strings; sourceTree = "<group>"; };
		8B20849F19591FB4005AC338 /* TargetingTests.m */ = {isa = PBXFileReference; lastKnownFileType = sourcecode.c.objc; path = TargetingTests.m; sourceTree = "<group>"; };
/* End PBXFileReference section */

/* Begin PBXFrameworksBuildPhase section */
		8B20846E19591FB4005AC338 /* Frameworks */ = {
			isa = PBXFrameworksBuildPhase;
			buildActionMask = 2147483647;
			files = (
				8B20847719591FB4005AC338 /* CoreGraphics.framework in Frameworks */,
				8B20847B19591FB4005AC338 /* CoreData.framework in Frameworks */,
				8B20847919591FB4005AC338 /* UIKit.framework in Frameworks */,
				8B20847519591FB4005AC338 /* Foundation.framework in Frameworks */,
			);
			runOnlyForDeploymentPostprocessing = 0;
		};
		8B20848E19591FB4005AC338 /* Frameworks */ = {
			isa = PBXFrameworksBuildPhase;
			buildActionMask = 2147483647;
			files = (
				8B20849319591FB4005AC338 /* XCTest.framework in Frameworks */,
				8B20849619591FB4005AC338 /* CoreData.framework in Frameworks */,
				8B20849519591FB4005AC338 /* UIKit.framework in Frameworks */,
				8B20849419591FB4005AC338 /* Foundation.framework in Frameworks */,
			);
			runOnlyForDeploymentPostprocessing = 0;
		};
/* End PBXFrameworksBuildPhase section */

/* Begin PBXGroup section */
		8B20846819591FB4005AC338 = {
			isa = PBXGroup;
			children = (
				8B20847C19591FB4005AC338 /* Targeting */,
				8B20849919591FB4005AC338 /* TargetingTests */,
				8B20847319591FB4005AC338 /* Frameworks */,
				8B20847219591FB4005AC338 /* Products */,
			);
			sourceTree = "<group>";
		};
		8B20847219591FB4005AC338 /* Products */ = {
			isa = PBXGroup;
			children = (
				8B20847119591FB4005AC338 /* Targeting.app */,
				8B20849119591FB4005AC338 /* TargetingTests.xctest */,
			);
			name = Products;
			sourceTree = "<group>";
		};
		8B20847319591FB4005AC338 /* Frameworks */ = {
			isa = PBXGroup;
			children = (
				8B20847419591FB4005AC338 /* Foundation.framework */,
				8B20847619591FB4005AC338 /* CoreGraphics.framework */,
				8B20847819591FB4005AC338 /* UIKit.framework */,
				8B20847A19591FB4005AC338 /* CoreData.framework */,
				8B20849219591FB4005AC338 /* XCTest.framework */,
			);
			name = Frameworks;
			sourceTree = "<group>";
		};
		8B20847C19591FB4005AC338 /* Targeting */ = {
			isa = PBXGroup;
			children = (
				8B20848519591FB4005AC338 /* ZXYAppDelegate.h */,
				8B20848619591FB4005AC338 /* ZXYAppDelegate.m */,
				8B20848B19591FB4005AC338 /* Images.xcassets */,
				8B20848819591FB4005AC338 /* Targeting.xcdatamodeld */,
				8B20847D19591FB4005AC338 /* Supporting Files */,
			);
			path = Targeting;
			sourceTree = "<group>";
		};
		8B20847D19591FB4005AC338 /* Supporting Files */ = {
			isa = PBXGroup;
			children = (
				8B20847E19591FB4005AC338 /* Targeting-Info.plist */,
				8B20847F19591FB4005AC338 /* InfoPlist.strings */,
				8B20848219591FB4005AC338 /* main.m */,
				8B20848419591FB4005AC338 /* Targeting-Prefix.pch */,
			);
			name = "Supporting Files";
			sourceTree = "<group>";
		};
		8B20849919591FB4005AC338 /* TargetingTests */ = {
			isa = PBXGroup;
			children = (
				8B20849F19591FB4005AC338 /* TargetingTests.m */,
				8B20849A19591FB4005AC338 /* Supporting Files */,
			);
			path = TargetingTests;
			sourceTree = "<group>";
		};
		8B20849A19591FB4005AC338 /* Supporting Files */ = {
			isa = PBXGroup;
			children = (
				8B20849B19591FB4005AC338 /* TargetingTests-Info.plist */,
				8B20849C19591FB4005AC338 /* InfoPlist.strings */,
			);
			name = "Supporting Files";
			sourceTree = "<group>";
		};
/* End PBXGroup section */

/* Begin PBXNativeTarget section */
		8B20847019591FB4005AC338 /* Targeting */ = {
			isa = PBXNativeTarget;
			buildConfigurationList = 8B2084A319591FB4005AC338 /* Build configuration list for PBXNativeTarget "Targeting" */;
			buildPhases = (
				8B20846D19591FB4005AC338 /* Sources */,
				8B20846E19591FB4005AC338 /* Frameworks */,
				8B20846F19591FB4005AC338 /* Resources */,
			);
			buildRules = (
			);
			dependencies = (
			);
			name = Targeting;
			productName = Targeting;
			productReference = 8B20847119591FB4005AC338 /* Targeting.app */;
			productType = "com.apple.product-type.application";
		};
		8B20849019591FB4005AC338 /* TargetingTests */ = {
			isa = PBXNativeTarget;
			buildConfigurationList = 8B2084A619591FB4005AC338 /* Build configuration list for PBXNativeTarget "TargetingTests" */;
			buildPhases = (
				8B20848D19591FB4005AC338 /* Sources */,
				8B20848E19591FB4005AC338 /* Frameworks */,
				8B20848F19591FB4005AC338 /* Resources */,
			);
			buildRules = (
			);
			dependencies = (
				8B20849819591FB4005AC338 /* PBXTargetDependency */,
			);
			name = TargetingTests;
			productName = TargetingTests;
			productReference = 8B20849119591FB4005AC338 /* TargetingTests.xctest */;
			productType = "com.apple.product-type.bundle.unit-test";
		};
/* End PBXNativeTarget section */

/* Begin PBXProject section */
		8B20846919591FB4005AC338 /* Project object */ = {
			isa = PBXProject;
			attributes = {
				CLASSPREFIX = ZXY;
				LastUpgradeCheck = 0510;
				ORGANIZATIONNAME = duostec;
				TargetAttributes = {
					8B20849019591FB4005AC338 = {
						TestTargetID = 8B20847019591FB4005AC338;
					};
				};
			};
			buildConfigurationList = 8B20846C19591FB4005AC338 /* Build configuration list for PBXProject "Targeting" */;
			compatibilityVersion = "Xcode 3.2";
			developmentRegion = English;
			hasScannedForEncodings = 0;
			knownRegions = (
				en,
			);
			mainGroup = 8B20846819591FB4005AC338;
			productRefGroup = 8B20847219591FB4005AC338 /* Products */;
			projectDirPath = "";
			projectRoot = "";
			targets = (
				8B20847019591FB4005AC338 /* Targeting */,
				8B20849019591FB4005AC338 /* TargetingTests */,
			);
		};
/* End PBXProject section */

/* Begin PBXResourcesBuildPhase section */
		8B20846F19591FB4005AC338 /* Resources */ = {
			isa = PBXResourcesBuildPhase;
			buildActionMask = 2147483647;
			files = (
				8B20848119591FB4005AC338 /* InfoPlist.strings in Resources */,
				8B20848C19591FB4005AC338 /* Images.xcassets in Resources */,
			);
			runOnlyForDeploymentPostprocessing = 0;
		};
		8B20848F19591FB4005AC338 /* Resources */ = {
			isa = PBXResourcesBuildPhase;
			buildActionMask = 2147483647;
			files = (
				8B20849E19591FB4005AC338 /* InfoPlist.strings in Resources */,
			);
			runOnlyForDeploymentPostprocessing = 0;
		};
/* End PBXResourcesBuildPhase section */

/* Begin PBXSourcesBuildPhase section */
		8B20846D19591FB4005AC338 /* Sources */ = {
			isa = PBXSourcesBuildPhase;
			buildActionMask = 2147483647;
			files = (
				8B20848719591FB4005AC338 /* ZXYAppDelegate.m in Sources */,
				8B20848319591FB4005AC338 /* main.m in Sources */,
				8B20848A19591FB4005AC338 /* Targeting.xcdatamodeld in Sources */,
			);
			runOnlyForDeploymentPostprocessing = 0;
		};
		8B20848D19591FB4005AC338 /* Sources */ = {
			isa = PBXSourcesBuildPhase;
			buildActionMask = 2147483647;
			files = (
				8B2084A019591FB4005AC338 /* TargetingTests.m in Sources */,
			);
			runOnlyForDeploymentPostprocessing = 0;
		};
/* End PBXSourcesBuildPhase section */

/* Begin PBXTargetDependency section */
		8B20849819591FB4005AC338 /* PBXTargetDependency */ = {
			isa = PBXTargetDependency;
			target = 8B20847019591FB4005AC338 /* Targeting */;
			targetProxy = 8B20849719591FB4005AC338 /* PBXContainerItemProxy */;
		};
/* End PBXTargetDependency section */

/* Begin PBXVariantGroup section */
		8B20847F19591FB4005AC338 /* InfoPlist.strings */ = {
			isa = PBXVariantGroup;
			children = (
				8B20848019591FB4005AC338 /* en */,
			);
			name = InfoPlist.strings;
			sourceTree = "<group>";
		};
		8B20849C19591FB4005AC338 /* InfoPlist.strings */ = {
			isa = PBXVariantGroup;
			children = (
				8B20849D19591FB4005AC338 /* en */,
			);
			name = InfoPlist.strings;
			sourceTree = "<group>";
		};
/* End PBXVariantGroup section */

/* Begin XCBuildConfiguration section */
		8B2084A119591FB4005AC338 /* Debug */ = {
			isa = XCBuildConfiguration;
			buildSettings = {
				ALWAYS_SEARCH_USER_PATHS = NO;
				CLANG_CXX_LANGUAGE_STANDARD = "gnu++0x";
				CLANG_CXX_LIBRARY = "libc++";
				CLANG_ENABLE_MODULES = YES;
				CLANG_ENABLE_OBJC_ARC = YES;
				CLANG_WARN_BOOL_CONVERSION = YES;
				CLANG_WARN_CONSTANT_CONVERSION = YES;
				CLANG_WARN_DIRECT_OBJC_ISA_USAGE = YES_ERROR;
				CLANG_WARN_EMPTY_BODY = YES;
				CLANG_WARN_ENUM_CONVERSION = YES;
				CLANG_WARN_INT_CONVERSION = YES;
				CLANG_WARN_OBJC_ROOT_CLASS = YES_ERROR;
				CLANG_WARN__DUPLICATE_METHOD_MATCH = YES;
				"CODE_SIGN_IDENTITY[sdk=iphoneos*]" = "iPhone Developer";
				COPY_PHASE_STRIP = NO;
				GCC_C_LANGUAGE_STANDARD = gnu99;
				GCC_DYNAMIC_NO_PIC = NO;
				GCC_OPTIMIZATION_LEVEL = 0;
				GCC_PREPROCESSOR_DEFINITIONS = (
					"DEBUG=1",
					"$(inherited)",
				);
				GCC_SYMBOLS_PRIVATE_EXTERN = NO;
				GCC_WARN_64_TO_32_BIT_CONVERSION = YES;
				GCC_WARN_ABOUT_RETURN_TYPE = YES_ERROR;
				GCC_WARN_UNDECLARED_SELECTOR = YES;
				GCC_WARN_UNINITIALIZED_AUTOS = YES_AGGRESSIVE;
				GCC_WARN_UNUSED_FUNCTION = YES;
				GCC_WARN_UNUSED_VARIABLE = YES;
				IPHONEOS_DEPLOYMENT_TARGET = 7.1;
				ONLY_ACTIVE_ARCH = YES;
				SDKROOT = iphoneos;
				TARGETED_DEVICE_FAMILY = 2;
			};
			name = Debug;
		};
		8B2084A219591FB4005AC338 /* Release */ = {
			isa = XCBuildConfiguration;
			buildSettings = {
				ALWAYS_SEARCH_USER_PATHS = NO;
				CLANG_CXX_LANGUAGE_STANDARD = "gnu++0x";
				CLANG_CXX_LIBRARY = "libc++";
				CLANG_ENABLE_MODULES = YES;
				CLANG_ENABLE_OBJC_ARC = YES;
				CLANG_WARN_BOOL_CONVERSION = YES;
				CLANG_WARN_CONSTANT_CONVERSION = YES;
				CLANG_WARN_DIRECT_OBJC_ISA_USAGE = YES_ERROR;
				CLANG_WARN_EMPTY_BODY = YES;
				CLANG_WARN_ENUM_CONVERSION = YES;
				CLANG_WARN_INT_CONVERSION = YES;
				CLANG_WARN_OBJC_ROOT_CLASS = YES_ERROR;
				CLANG_WARN__DUPLICATE_METHOD_MATCH = YES;
				"CODE_SIGN_IDENTITY[sdk=iphoneos*]" = "iPhone Developer";
				COPY_PHASE_STRIP = YES;
				ENABLE_NS_ASSERTIONS = NO;
				GCC_C_LANGUAGE_STANDARD = gnu99;
				GCC_WARN_64_TO_32_BIT_CONVERSION = YES;
				GCC_WARN_ABOUT_RETURN_TYPE = YES_ERROR;
				GCC_WARN_UNDECLARED_SELECTOR = YES;
				GCC_WARN_UNINITIALIZED_AUTOS = YES_AGGRESSIVE;
				GCC_WARN_UNUSED_FUNCTION = YES;
				GCC_WARN_UNUSED_VARIABLE = YES;
				IPHONEOS_DEPLOYMENT_TARGET = 7.1;
				SDKROOT = iphoneos;
				TARGETED_DEVICE_FAMILY = 2;
				VALIDATE_PRODUCT = YES;
			};
			name = Release;
		};
		8B2084A419591FB4005AC338 /* Debug */ = {
			isa = XCBuildConfiguration;
			buildSettings = {
				ASSETCATALOG_COMPILER_APPICON_NAME = AppIcon;
				ASSETCATALOG_COMPILER_LAUNCHIMAGE_NAME = LaunchImage;
				GCC_PRECOMPILE_PREFIX_HEADER = YES;
				GCC_PREFIX_HEADER = "Targeting/Targeting-Prefix.pch";
				INFOPLIST_FILE = "Targeting/Targeting-Info.plist";
				PRODUCT_NAME = "$(TARGET_NAME)";
				WRAPPER_EXTENSION = app;
			};
			name = Debug;
		};
		8B2084A519591FB4005AC338 /* Release */ = {
			isa = XCBuildConfiguration;
			buildSettings = {
				ASSETCATALOG_COMPILER_APPICON_NAME = AppIcon;
				ASSETCATALOG_COMPILER_LAUNCHIMAGE_NAME = LaunchImage;
				GCC_PRECOMPILE_PREFIX_HEADER = YES;
				GCC_PREFIX_HEADER = "Targeting/Targeting-Prefix.pch";
				INFOPLIST_FILE = "Targeting/Targeting-Info.plist";
				PRODUCT_NAME = "$(TARGET_NAME)";
				WRAPPER_EXTENSION = app;
			};
			name = Release;
		};
		8B2084A719591FB4005AC338 /* Debug */ = {
			isa = XCBuildConfiguration;
			buildSettings = {
				BUNDLE_LOADER = "$(BUILT_PRODUCTS_DIR)/Targeting.app/Targeting";
				FRAMEWORK_SEARCH_PATHS = (
					"$(SDKROOT)/Developer/Library/Frameworks",
					"$(inherited)",
					"$(DEVELOPER_FRAMEWORKS_DIR)",
				);
				GCC_PRECOMPILE_PREFIX_HEADER = YES;
				GCC_PREFIX_HEADER = "Targeting/Targeting-Prefix.pch";
				GCC_PREPROCESSOR_DEFINITIONS = (
					"DEBUG=1",
					"$(inherited)",
				);
				INFOPLIST_FILE = "TargetingTests/TargetingTests-Info.plist";
				PRODUCT_NAME = "$(TARGET_NAME)";
				TEST_HOST = "$(BUNDLE_LOADER)";
				WRAPPER_EXTENSION = xctest;
			};
			name = Debug;
		};
		8B2084A819591FB4005AC338 /* Release */ = {
			isa = XCBuildConfiguration;
			buildSettings = {
				BUNDLE_LOADER = "$(BUILT_PRODUCTS_DIR)/Targeting.app/Targeting";
				FRAMEWORK_SEARCH_PATHS = (
					"$(SDKROOT)/Developer/Library/Frameworks",
					"$(inherited)",
					"$(DEVELOPER_FRAMEWORKS_DIR)",
				);
				GCC_PRECOMPILE_PREFIX_HEADER = YES;
				GCC_PREFIX_HEADER = "Targeting/Targeting-Prefix.pch";
				INFOPLIST_FILE = "TargetingTests/TargetingTests-Info.plist";
				PRODUCT_NAME = "$(TARGET_NAME)";
				TEST_HOST = "$(BUNDLE_LOADER)";
				WRAPPER_EXTENSION = xctest;
			};
			name = Release;
		};
/* End XCBuildConfiguration section */

/* Begin XCConfigurationList section */
		8B20846C19591FB4005AC338 /* Build configuration list for PBXProject "Targeting" */ = {
			isa = XCConfigurationList;
			buildConfigurations = (
				8B2084A119591FB4005AC338 /* Debug */,
				8B2084A219591FB4005AC338 /* Release */,
			);
			defaultConfigurationIsVisible = 0;
			defaultConfigurationName = Release;
		};
		8B2084A319591FB4005AC338 /* Build configuration list for PBXNativeTarget "Targeting" */ = {
			isa = XCConfigurationList;
			buildConfigurations = (
				8B2084A419591FB4005AC338 /* Debug */,
				8B2084A519591FB4005AC338 /* Release */,
			);
			defaultConfigurationIsVisible = 0;
		};
		8B2084A619591FB4005AC338 /* Build configuration list for PBXNativeTarget "TargetingTests" */ = {
			isa = XCConfigurationList;
			buildConfigurations = (
				8B2084A719591FB4005AC338 /* Debug */,
				8B2084A819591FB4005AC338 /* Release */,
			);
			defaultConfigurationIsVisible = 0;
		};
/* End XCConfigurationList section */

/* Begin XCVersionGroup section */
		8B20848819591FB4005AC338 /* Targeting.xcdatamodeld */ = {
			isa = XCVersionGroup;
			children = (
				8B20848919591FB4005AC338 /* Targeting.xcdatamodel */,
			);
			currentVersion = 8B20848919591FB4005AC338 /* Targeting.xcdatamodel */;
			path = Targeting.xcdatamodeld;
			sourceTree = "<group>";
			versionGroupType = wrapper.xcdatamodel;
		};
/* End XCVersionGroup section */
	};
	rootObject = 8B20846919591FB4005AC338 /* Project object */;
}
